// !$*UTF8*$!
{
	archiveVersion = 1;
	classes = {
	};
	objectVersion = 50;
	objects = {

/* Begin PBXBuildFile section */
		A07CA9D12644122100DD1E31 /* TestAllAppApp.swift in Sources */ = {isa = PBXBuildFile; fileRef = A07CA9D02644122100DD1E31 /* TestAllAppApp.swift */; };
		A07CA9D32644122100DD1E31 /* ContentView.swift in Sources */ = {isa = PBXBuildFile; fileRef = A07CA9D22644122100DD1E31 /* ContentView.swift */; };
		A07CA9D52644122300DD1E31 /* Assets.xcassets in Resources */ = {isa = PBXBuildFile; fileRef = A07CA9D42644122300DD1E31 /* Assets.xcassets */; };
		A07CA9D82644122300DD1E31 /* Preview Assets.xcassets in Resources */ = {isa = PBXBuildFile; fileRef = A07CA9D72644122300DD1E31 /* Preview Assets.xcassets */; };
		A07CA9DA2644122300DD1E31 /* Persistence.swift in Sources */ = {isa = PBXBuildFile; fileRef = A07CA9D92644122300DD1E31 /* Persistence.swift */; };
		A07CA9DD2644122300DD1E31 /* TestAllApp.xcdatamodeld in Sources */ = {isa = PBXBuildFile; fileRef = A07CA9DB2644122300DD1E31 /* TestAllApp.xcdatamodeld */; };
		A07CA9E82644122300DD1E31 /* TestAllAppTests.swift in Sources */ = {isa = PBXBuildFile; fileRef = A07CA9E72644122300DD1E31 /* TestAllAppTests.swift */; };
		A07CA9F32644122300DD1E31 /* TestAllAppUITests.swift in Sources */ = {isa = PBXBuildFile; fileRef = A07CA9F22644122300DD1E31 /* TestAllAppUITests.swift */; };
/* End PBXBuildFile section */

/* Begin PBXContainerItemProxy section */
		A07CA9E42644122300DD1E31 /* PBXContainerItemProxy */ = {
			isa = PBXContainerItemProxy;
			containerPortal = A07CA9C52644122100DD1E31 /* Project object */;
			proxyType = 1;
			remoteGlobalIDString = A07CA9CC2644122100DD1E31;
			remoteInfo = TestAllApp;
		};
		A07CA9EF2644122300DD1E31 /* PBXContainerItemProxy */ = {
			isa = PBXContainerItemProxy;
			containerPortal = A07CA9C52644122100DD1E31 /* Project object */;
			proxyType = 1;
			remoteGlobalIDString = A07CA9CC2644122100DD1E31;
			remoteInfo = TestAllApp;
		};
/* End PBXContainerItemProxy section */

/* Begin PBXFileReference section */
		A07CA9CD2644122100DD1E31 /* TestAllApp.app */ = {isa = PBXFileReference; explicitFileType = wrapper.application; includeInIndex = 0; path = TestAllApp.app; sourceTree = BUILT_PRODUCTS_DIR; };
		A07CA9D02644122100DD1E31 /* TestAllAppApp.swift */ = {isa = PBXFileReference; lastKnownFileType = sourcecode.swift; path = TestAllAppApp.swift; sourceTree = "<group>"; };
		A07CA9D22644122100DD1E31 /* ContentView.swift */ = {isa = PBXFileReference; lastKnownFileType = sourcecode.swift; path = ContentView.swift; sourceTree = "<group>"; };
		A07CA9D42644122300DD1E31 /* Assets.xcassets */ = {isa = PBXFileReference; lastKnownFileType = folder.assetcatalog; path = Assets.xcassets; sourceTree = "<group>"; };
		A07CA9D72644122300DD1E31 /* Preview Assets.xcassets */ = {isa = PBXFileReference; lastKnownFileType = folder.assetcatalog; path = "Preview Assets.xcassets"; sourceTree = "<group>"; };
		A07CA9D92644122300DD1E31 /* Persistence.swift */ = {isa = PBXFileReference; lastKnownFileType = sourcecode.swift; path = Persistence.swift; sourceTree = "<group>"; };
		A07CA9DC2644122300DD1E31 /* TestAllApp.xcdatamodel */ = {isa = PBXFileReference; lastKnownFileType = wrapper.xcdatamodel; path = TestAllApp.xcdatamodel; sourceTree = "<group>"; };
		A07CA9DE2644122300DD1E31 /* Info.plist */ = {isa = PBXFileReference; lastKnownFileType = text.plist.xml; path = Info.plist; sourceTree = "<group>"; };
		A07CA9E32644122300DD1E31 /* TestAllAppTests.xctest */ = {isa = PBXFileReference; explicitFileType = wrapper.cfbundle; includeInIndex = 0; path = TestAllAppTests.xctest; sourceTree = BUILT_PRODUCTS_DIR; };
		A07CA9E72644122300DD1E31 /* TestAllAppTests.swift */ = {isa = PBXFileReference; lastKnownFileType = sourcecode.swift; path = TestAllAppTests.swift; sourceTree = "<group>"; };
		A07CA9E92644122300DD1E31 /* Info.plist */ = {isa = PBXFileReference; lastKnownFileType = text.plist.xml; path = Info.plist; sourceTree = "<group>"; };
		A07CA9EE2644122300DD1E31 /* TestAllAppUITests.xctest */ = {isa = PBXFileReference; explicitFileType = wrapper.cfbundle; includeInIndex = 0; path = TestAllAppUITests.xctest; sourceTree = BUILT_PRODUCTS_DIR; };
		A07CA9F22644122300DD1E31 /* TestAllAppUITests.swift */ = {isa = PBXFileReference; lastKnownFileType = sourcecode.swift; path = TestAllAppUITests.swift; sourceTree = "<group>"; };
		A07CA9F42644122300DD1E31 /* Info.plist */ = {isa = PBXFileReference; lastKnownFileType = text.plist.xml; path = Info.plist; sourceTree = "<group>"; };
/* End PBXFileReference section */

/* Begin PBXFrameworksBuildPhase section */
		A07CA9CA2644122100DD1E31 /* Frameworks */ = {
			isa = PBXFrameworksBuildPhase;
			buildActionMask = 2147483647;
			files = (
			);
			runOnlyForDeploymentPostprocessing = 0;
		};
		A07CA9E02644122300DD1E31 /* Frameworks */ = {
			isa = PBXFrameworksBuildPhase;
			buildActionMask = 2147483647;
			files = (
			);
			runOnlyForDeploymentPostprocessing = 0;
		};
		A07CA9EB2644122300DD1E31 /* Frameworks */ = {
			isa = PBXFrameworksBuildPhase;
			buildActionMask = 2147483647;
			files = (
			);
			runOnlyForDeploymentPostprocessing = 0;
		};
/* End PBXFrameworksBuildPhase section */

/* Begin PBXGroup section */
		A07CA9C42644122100DD1E31 = {
			isa = PBXGroup;
			children = (
				A07CA9CF2644122100DD1E31 /* TestAllApp */,
				A07CA9E62644122300DD1E31 /* TestAllAppTests */,
				A07CA9F12644122300DD1E31 /* TestAllAppUITests */,
				A07CA9CE2644122100DD1E31 /* Products */,
			);
			sourceTree = "<group>";
		};
		A07CA9CE2644122100DD1E31 /* Products */ = {
			isa = PBXGroup;
			children = (
				A07CA9CD2644122100DD1E31 /* TestAllApp.app */,
				A07CA9E32644122300DD1E31 /* TestAllAppTests.xctest */,
				A07CA9EE2644122300DD1E31 /* TestAllAppUITests.xctest */,
			);
			name = Products;
			sourceTree = "<group>";
		};
		A07CA9CF2644122100DD1E31 /* TestAllApp */ = {
			isa = PBXGroup;
			children = (
				A07CA9D02644122100DD1E31 /* TestAllAppApp.swift */,
				A07CA9D22644122100DD1E31 /* ContentView.swift */,
				A07CA9D42644122300DD1E31 /* Assets.xcassets */,
				A07CA9D92644122300DD1E31 /* Persistence.swift */,
				A07CA9DE2644122300DD1E31 /* Info.plist */,
				A07CA9DB2644122300DD1E31 /* TestAllApp.xcdatamodeld */,
				A07CA9D62644122300DD1E31 /* Preview Content */,
			);
			path = TestAllApp;
			sourceTree = "<group>";
		};
		A07CA9D62644122300DD1E31 /* Preview Content */ = {
			isa = PBXGroup;
			children = (
				A07CA9D72644122300DD1E31 /* Preview Assets.xcassets */,
			);
			path = "Preview Content";
			sourceTree = "<group>";
		};
		A07CA9E62644122300DD1E31 /* TestAllAppTests */ = {
			isa = PBXGroup;
			children = (
				A07CA9E72644122300DD1E31 /* TestAllAppTests.swift */,
				A07CA9E92644122300DD1E31 /* Info.plist */,
			);
			path = TestAllAppTests;
			sourceTree = "<group>";
		};
		A07CA9F12644122300DD1E31 /* TestAllAppUITests */ = {
			isa = PBXGroup;
			children = (
				A07CA9F22644122300DD1E31 /* TestAllAppUITests.swift */,
				A07CA9F42644122300DD1E31 /* Info.plist */,
			);
			path = TestAllAppUITests;
			sourceTree = "<group>";
		};
/* End PBXGroup section */

/* Begin PBXNativeTarget section */
		A07CA9CC2644122100DD1E31 /* TestAllApp */ = {
			isa = PBXNativeTarget;
			buildConfigurationList = A07CA9F72644122300DD1E31 /* Build configuration list for PBXNativeTarget "TestAllApp" */;
			buildPhases = (
				A07CA9C92644122100DD1E31 /* Sources */,
				A07CA9CA2644122100DD1E31 /* Frameworks */,
				A07CA9CB2644122100DD1E31 /* Resources */,
			);
			buildRules = (
			);
			dependencies = (
			);
			name = TestAllApp;
			productName = TestAllApp;
			productReference = A07CA9CD2644122100DD1E31 /* TestAllApp.app */;
			productType = "com.apple.product-type.application";
		};
		A07CA9E22644122300DD1E31 /* TestAllAppTests */ = {
			isa = PBXNativeTarget;
			buildConfigurationList = A07CA9FA2644122300DD1E31 /* Build configuration list for PBXNativeTarget "TestAllAppTests" */;
			buildPhases = (
				A07CA9DF2644122300DD1E31 /* Sources */,
				A07CA9E02644122300DD1E31 /* Frameworks */,
				A07CA9E12644122300DD1E31 /* Resources */,
			);
			buildRules = (
			);
			dependencies = (
				A07CA9E52644122300DD1E31 /* PBXTargetDependency */,
			);
			name = TestAllAppTests;
			productName = TestAllAppTests;
			productReference = A07CA9E32644122300DD1E31 /* TestAllAppTests.xctest */;
			productType = "com.apple.product-type.bundle.unit-test";
		};
		A07CA9ED2644122300DD1E31 /* TestAllAppUITests */ = {
			isa = PBXNativeTarget;
			buildConfigurationList = A07CA9FD2644122300DD1E31 /* Build configuration list for PBXNativeTarget "TestAllAppUITests" */;
			buildPhases = (
				A07CA9EA2644122300DD1E31 /* Sources */,
				A07CA9EB2644122300DD1E31 /* Frameworks */,
				A07CA9EC2644122300DD1E31 /* Resources */,
			);
			buildRules = (
			);
			dependencies = (
				A07CA9F02644122300DD1E31 /* PBXTargetDependency */,
			);
			name = TestAllAppUITests;
			productName = TestAllAppUITests;
			productReference = A07CA9EE2644122300DD1E31 /* TestAllAppUITests.xctest */;
			productType = "com.apple.product-type.bundle.ui-testing";
		};
/* End PBXNativeTarget section */

/* Begin PBXProject section */
		A07CA9C52644122100DD1E31 /* Project object */ = {
			isa = PBXProject;
			attributes = {
				LastSwiftUpdateCheck = 1250;
				LastUpgradeCheck = 1250;
				TargetAttributes = {
					A07CA9CC2644122100DD1E31 = {
						CreatedOnToolsVersion = 12.5;
					};
					A07CA9E22644122300DD1E31 = {
						CreatedOnToolsVersion = 12.5;
						TestTargetID = A07CA9CC2644122100DD1E31;
					};
					A07CA9ED2644122300DD1E31 = {
						CreatedOnToolsVersion = 12.5;
						TestTargetID = A07CA9CC2644122100DD1E31;
					};
				};
			};
			buildConfigurationList = A07CA9C82644122100DD1E31 /* Build configuration list for PBXProject "TestAllApp" */;
			compatibilityVersion = "Xcode 9.3";
			developmentRegion = en;
			hasScannedForEncodings = 0;
			knownRegions = (
				en,
				Base,
			);
			mainGroup = A07CA9C42644122100DD1E31;
			productRefGroup = A07CA9CE2644122100DD1E31 /* Products */;
			projectDirPath = "";
			projectRoot = "";
			targets = (
				A07CA9CC2644122100DD1E31 /* TestAllApp */,
				A07CA9E22644122300DD1E31 /* TestAllAppTests */,
				A07CA9ED2644122300DD1E31 /* TestAllAppUITests */,
			);
		};
/* End PBXProject section */

/* Begin PBXResourcesBuildPhase section */
		A07CA9CB2644122100DD1E31 /* Resources */ = {
			isa = PBXResourcesBuildPhase;
			buildActionMask = 2147483647;
			files = (
				A07CA9D82644122300DD1E31 /* Preview Assets.xcassets in Resources */,
				A07CA9D52644122300DD1E31 /* Assets.xcassets in Resources */,
			);
			runOnlyForDeploymentPostprocessing = 0;
		};
		A07CA9E12644122300DD1E31 /* Resources */ = {
			isa = PBXResourcesBuildPhase;
			buildActionMask = 2147483647;
			files = (
			);
			runOnlyForDeploymentPostprocessing = 0;
		};
		A07CA9EC2644122300DD1E31 /* Resources */ = {
			isa = PBXResourcesBuildPhase;
			buildActionMask = 2147483647;
			files = (
			);
			runOnlyForDeploymentPostprocessing = 0;
		};
/* End PBXResourcesBuildPhase section */

/* Begin PBXSourcesBuildPhase section */
		A07CA9C92644122100DD1E31 /* Sources */ = {
			isa = PBXSourcesBuildPhase;
			buildActionMask = 2147483647;
			files = (
				A07CA9DA2644122300DD1E31 /* Persistence.swift in Sources */,
				A07CA9DD2644122300DD1E31 /* TestAllApp.xcdatamodeld in Sources */,
				A07CA9D32644122100DD1E31 /* ContentView.swift in Sources */,
				A07CA9D12644122100DD1E31 /* TestAllAppApp.swift in Sources */,
			);
			runOnlyForDeploymentPostprocessing = 0;
		};
		A07CA9DF2644122300DD1E31 /* Sources */ = {
			isa = PBXSourcesBuildPhase;
			buildActionMask = 2147483647;
			files = (
				A07CA9E82644122300DD1E31 /* TestAllAppTests.swift in Sources */,
			);
			runOnlyForDeploymentPostprocessing = 0;
		};
		A07CA9EA2644122300DD1E31 /* Sources */ = {
			isa = PBXSourcesBuildPhase;
			buildActionMask = 2147483647;
			files = (
				A07CA9F32644122300DD1E31 /* TestAllAppUITests.swift in Sources */,
			);
			runOnlyForDeploymentPostprocessing = 0;
		};
/* End PBXSourcesBuildPhase section */

/* Begin PBXTargetDependency section */
		A07CA9E52644122300DD1E31 /* PBXTargetDependency */ = {
			isa = PBXTargetDependency;
			target = A07CA9CC2644122100DD1E31 /* TestAllApp */;
			targetProxy = A07CA9E42644122300DD1E31 /* PBXContainerItemProxy */;
		};
		A07CA9F02644122300DD1E31 /* PBXTargetDependency */ = {
			isa = PBXTargetDependency;
			target = A07CA9CC2644122100DD1E31 /* TestAllApp */;
			targetProxy = A07CA9EF2644122300DD1E31 /* PBXContainerItemProxy */;
		};
/* End PBXTargetDependency section */

/* Begin XCBuildConfiguration section */
		A07CA9F52644122300DD1E31 /* Debug */ = {
			isa = XCBuildConfiguration;
			buildSettings = {
				ALWAYS_SEARCH_USER_PATHS = NO;
				CLANG_ANALYZER_NONNULL = YES;
				CLANG_ANALYZER_NUMBER_OBJECT_CONVERSION = YES_AGGRESSIVE;
				CLANG_CXX_LANGUAGE_STANDARD = "gnu++14";
				CLANG_CXX_LIBRARY = "libc++";
				CLANG_ENABLE_MODULES = YES;
				CLANG_ENABLE_OBJC_ARC = YES;
				CLANG_ENABLE_OBJC_WEAK = YES;
				CLANG_WARN_BLOCK_CAPTURE_AUTORELEASING = YES;
				CLANG_WARN_BOOL_CONVERSION = YES;
				CLANG_WARN_COMMA = YES;
				CLANG_WARN_CONSTANT_CONVERSION = YES;
				CLANG_WARN_DEPRECATED_OBJC_IMPLEMENTATIONS = YES;
				CLANG_WARN_DIRECT_OBJC_ISA_USAGE = YES_ERROR;
				CLANG_WARN_DOCUMENTATION_COMMENTS = YES;
				CLANG_WARN_EMPTY_BODY = YES;
				CLANG_WARN_ENUM_CONVERSION = YES;
				CLANG_WARN_INFINITE_RECURSION = YES;
				CLANG_WARN_INT_CONVERSION = YES;
				CLANG_WARN_NON_LITERAL_NULL_CONVERSION = YES;
				CLANG_WARN_OBJC_IMPLICIT_RETAIN_SELF = YES;
				CLANG_WARN_OBJC_LITERAL_CONVERSION = YES;
				CLANG_WARN_OBJC_ROOT_CLASS = YES_ERROR;
				CLANG_WARN_QUOTED_INCLUDE_IN_FRAMEWORK_HEADER = YES;
				CLANG_WARN_RANGE_LOOP_ANALYSIS = YES;
				CLANG_WARN_STRICT_PROTOTYPES = YES;
				CLANG_WARN_SUSPICIOUS_MOVE = YES;
				CLANG_WARN_UNGUARDED_AVAILABILITY = YES_AGGRESSIVE;
				CLANG_WARN_UNREACHABLE_CODE = YES;
				CLANG_WARN__DUPLICATE_METHOD_MATCH = YES;
				COPY_PHASE_STRIP = NO;
				DEBUG_INFORMATION_FORMAT = dwarf;
				ENABLE_STRICT_OBJC_MSGSEND = YES;
				ENABLE_TESTABILITY = YES;
				GCC_C_LANGUAGE_STANDARD = gnu11;
				GCC_DYNAMIC_NO_PIC = NO;
				GCC_NO_COMMON_BLOCKS = YES;
				GCC_OPTIMIZATION_LEVEL = 0;
				GCC_PREPROCESSOR_DEFINITIONS = (
					"DEBUG=1",
					"$(inherited)",
				);
				GCC_WARN_64_TO_32_BIT_CONVERSION = YES;
				GCC_WARN_ABOUT_RETURN_TYPE = YES_ERROR;
				GCC_WARN_UNDECLARED_SELECTOR = YES;
				GCC_WARN_UNINITIALIZED_AUTOS = YES_AGGRESSIVE;
				GCC_WARN_UNUSED_FUNCTION = YES;
				GCC_WARN_UNUSED_VARIABLE = YES;
				IPHONEOS_DEPLOYMENT_TARGET = 14.5;
				MTL_ENABLE_DEBUG_INFO = INCLUDE_SOURCE;
				MTL_FAST_MATH = YES;
				ONLY_ACTIVE_ARCH = YES;
				SDKROOT = iphoneos;
				SWIFT_ACTIVE_COMPILATION_CONDITIONS = DEBUG;
				SWIFT_OPTIMIZATION_LEVEL = "-Onone";
			};
			name = Debug;
		};
		A07CA9F62644122300DD1E31 /* Release */ = {
			isa = XCBuildConfiguration;
			buildSettings = {
				ALWAYS_SEARCH_USER_PATHS = NO;
				CLANG_ANALYZER_NONNULL = YES;
				CLANG_ANALYZER_NUMBER_OBJECT_CONVERSION = YES_AGGRESSIVE;
				CLANG_CXX_LANGUAGE_STANDARD = "gnu++14";
				CLANG_CXX_LIBRARY = "libc++";
				CLANG_ENABLE_MODULES = YES;
				CLANG_ENABLE_OBJC_ARC = YES;
				CLANG_ENABLE_OBJC_WEAK = YES;
				CLANG_WARN_BLOCK_CAPTURE_AUTORELEASING = YES;
				CLANG_WARN_BOOL_CONVERSION = YES;
				CLANG_WARN_COMMA = YES;
				CLANG_WARN_CONSTANT_CONVERSION = YES;
				CLANG_WARN_DEPRECATED_OBJC_IMPLEMENTATIONS = YES;
				CLANG_WARN_DIRECT_OBJC_ISA_USAGE = YES_ERROR;
				CLANG_WARN_DOCUMENTATION_COMMENTS = YES;
				CLANG_WARN_EMPTY_BODY = YES;
				CLANG_WARN_ENUM_CONVERSION = YES;
				CLANG_WARN_INFINITE_RECURSION = YES;
				CLANG_WARN_INT_CONVERSION = YES;
				CLANG_WARN_NON_LITERAL_NULL_CONVERSION = YES;
				CLANG_WARN_OBJC_IMPLICIT_RETAIN_SELF = YES;
				CLANG_WARN_OBJC_LITERAL_CONVERSION = YES;
				CLANG_WARN_OBJC_ROOT_CLASS = YES_ERROR;
				CLANG_WARN_QUOTED_INCLUDE_IN_FRAMEWORK_HEADER = YES;
				CLANG_WARN_RANGE_LOOP_ANALYSIS = YES;
				CLANG_WARN_STRICT_PROTOTYPES = YES;
				CLANG_WARN_SUSPICIOUS_MOVE = YES;
				CLANG_WARN_UNGUARDED_AVAILABILITY = YES_AGGRESSIVE;
				CLANG_WARN_UNREACHABLE_CODE = YES;
				CLANG_WARN__DUPLICATE_METHOD_MATCH = YES;
				COPY_PHASE_STRIP = NO;
				DEBUG_INFORMATION_FORMAT = "dwarf-with-dsym";
				ENABLE_NS_ASSERTIONS = NO;
				ENABLE_STRICT_OBJC_MSGSEND = YES;
				GCC_C_LANGUAGE_STANDARD = gnu11;
				GCC_NO_COMMON_BLOCKS = YES;
				GCC_WARN_64_TO_32_BIT_CONVERSION = YES;
				GCC_WARN_ABOUT_RETURN_TYPE = YES_ERROR;
				GCC_WARN_UNDECLARED_SELECTOR = YES;
				GCC_WARN_UNINITIALIZED_AUTOS = YES_AGGRESSIVE;
				GCC_WARN_UNUSED_FUNCTION = YES;
				GCC_WARN_UNUSED_VARIABLE = YES;
				IPHONEOS_DEPLOYMENT_TARGET = 14.5;
				MTL_ENABLE_DEBUG_INFO = NO;
				MTL_FAST_MATH = YES;
				SDKROOT = iphoneos;
				SWIFT_COMPILATION_MODE = wholemodule;
				SWIFT_OPTIMIZATION_LEVEL = "-O";
				VALIDATE_PRODUCT = YES;
			};
			name = Release;
		};
		A07CA9F82644122300DD1E31 /* Debug */ = {
			isa = XCBuildConfiguration;
			buildSettings = {
				ASSETCATALOG_COMPILER_APPICON_NAME = AppIcon;
				ASSETCATALOG_COMPILER_GLOBAL_ACCENT_COLOR_NAME = AccentColor;
				CODE_SIGN_STYLE = Automatic;
				DEVELOPMENT_ASSET_PATHS = "\"TestAllApp/Preview Content\"";
				DEVELOPMENT_TEAM = 7QP8NXEX7D;
				ENABLE_PREVIEWS = YES;
				INFOPLIST_FILE = TestAllApp/Info.plist;
				IPHONEOS_DEPLOYMENT_TARGET = 14.0;
				LD_RUNPATH_SEARCH_PATHS = (
					"$(inherited)",
					"@executable_path/Frameworks",
				);
				PRODUCT_BUNDLE_IDENTIFIER = com.offerwise.TestAllApp;
				PRODUCT_NAME = "$(TARGET_NAME)";
				SWIFT_VERSION = 5.0;
				TARGETED_DEVICE_FAMILY = "1,2";
			};
			name = Debug;
		};
		A07CA9F92644122300DD1E31 /* Release */ = {
			isa = XCBuildConfiguration;
			buildSettings = {
				ASSETCATALOG_COMPILER_APPICON_NAME = AppIcon;
				ASSETCATALOG_COMPILER_GLOBAL_ACCENT_COLOR_NAME = AccentColor;
				CODE_SIGN_STYLE = Automatic;
				DEVELOPMENT_ASSET_PATHS = "\"TestAllApp/Preview Content\"";
				DEVELOPMENT_TEAM = 7QP8NXEX7D;
				ENABLE_PREVIEWS = YES;
				INFOPLIST_FILE = TestAllApp/Info.plist;
				IPHONEOS_DEPLOYMENT_TARGET = 14.0;
				LD_RUNPATH_SEARCH_PATHS = (
					"$(inherited)",
					"@executable_path/Frameworks",
				);
				PRODUCT_BUNDLE_IDENTIFIER = com.offerwise.TestAllApp;
				PRODUCT_NAME = "$(TARGET_NAME)";
				SWIFT_VERSION = 5.0;
				TARGETED_DEVICE_FAMILY = "1,2";
			};
			name = Release;
		};
		A07CA9FB2644122300DD1E31 /* Debug */ = {
			isa = XCBuildConfiguration;
			buildSettings = {
				ALWAYS_EMBED_SWIFT_STANDARD_LIBRARIES = YES;
				BUNDLE_LOADER = "$(TEST_HOST)";
				CODE_SIGN_STYLE = Automatic;
				DEVELOPMENT_TEAM = 7QP8NXEX7D;
				INFOPLIST_FILE = TestAllAppTests/Info.plist;
				IPHONEOS_DEPLOYMENT_TARGET = 14.0;
				LD_RUNPATH_SEARCH_PATHS = (
					"$(inherited)",
					"@executable_path/Frameworks",
					"@loader_path/Frameworks",
				);
				PRODUCT_BUNDLE_IDENTIFIER = com.offerwise.TestAllAppTests;
				PRODUCT_NAME = "$(TARGET_NAME)";
				SWIFT_VERSION = 5.0;
				TARGETED_DEVICE_FAMILY = "1,2";
				TEST_HOST = "$(BUILT_PRODUCTS_DIR)/TestAllApp.app/TestAllApp";
			};
			name = Debug;
		};
		A07CA9FC2644122300DD1E31 /* Release */ = {
			isa = XCBuildConfiguration;
			buildSettings = {
				ALWAYS_EMBED_SWIFT_STANDARD_LIBRARIES = YES;
				BUNDLE_LOADER = "$(TEST_HOST)";
				CODE_SIGN_STYLE = Automatic;
				DEVELOPMENT_TEAM = 7QP8NXEX7D;
				INFOPLIST_FILE = TestAllAppTests/Info.plist;
				IPHONEOS_DEPLOYMENT_TARGET = 14.0;
				LD_RUNPATH_SEARCH_PATHS = (
					"$(inherited)",
					"@executable_path/Frameworks",
					"@loader_path/Frameworks",
				);
				PRODUCT_BUNDLE_IDENTIFIER = com.offerwise.TestAllAppTests;
				PRODUCT_NAME = "$(TARGET_NAME)";
				SWIFT_VERSION = 5.0;
				TARGETED_DEVICE_FAMILY = "1,2";
				TEST_HOST = "$(BUILT_PRODUCTS_DIR)/TestAllApp.app/TestAllApp";
			};
			name = Release;
		};
		A07CA9FE2644122300DD1E31 /* Debug */ = {
			isa = XCBuildConfiguration;
			buildSettings = {
				ALWAYS_EMBED_SWIFT_STANDARD_LIBRARIES = YES;
				CODE_SIGN_STYLE = Automatic;
				DEVELOPMENT_TEAM = 7QP8NXEX7D;
				INFOPLIST_FILE = TestAllAppUITests/Info.plist;
				LD_RUNPATH_SEARCH_PATHS = (
					"$(inherited)",
					"@executable_path/Frameworks",
					"@loader_path/Frameworks",
				);
				PRODUCT_BUNDLE_IDENTIFIER = com.offerwise.TestAllAppUITests;
				PRODUCT_NAME = "$(TARGET_NAME)";
				SWIFT_VERSION = 5.0;
				TARGETED_DEVICE_FAMILY = "1,2";
				TEST_TARGET_NAME = TestAllApp;
			};
			name = Debug;
		};
		A07CA9FF2644122300DD1E31 /* Release */ = {
			isa = XCBuildConfiguration;
			buildSettings = {
				ALWAYS_EMBED_SWIFT_STANDARD_LIBRARIES = YES;
				CODE_SIGN_STYLE = Automatic;
				DEVELOPMENT_TEAM = 7QP8NXEX7D;
				INFOPLIST_FILE = TestAllAppUITests/Info.plist;
				LD_RUNPATH_SEARCH_PATHS = (
					"$(inherited)",
					"@executable_path/Frameworks",
					"@loader_path/Frameworks",
				);
				PRODUCT_BUNDLE_IDENTIFIER = com.offerwise.TestAllAppUITests;
				PRODUCT_NAME = "$(TARGET_NAME)";
				SWIFT_VERSION = 5.0;
				TARGETED_DEVICE_FAMILY = "1,2";
				TEST_TARGET_NAME = TestAllApp;
			};
			name = Release;
		};
/* End XCBuildConfiguration section */

/* Begin XCConfigurationList section */
		A07CA9C82644122100DD1E31 /* Build configuration list for PBXProject "TestAllApp" */ = {
			isa = XCConfigurationList;
			buildConfigurations = (
				A07CA9F52644122300DD1E31 /* Debug */,
				A07CA9F62644122300DD1E31 /* Release */,
			);
			defaultConfigurationIsVisible = 0;
			defaultConfigurationName = Release;
		};
		A07CA9F72644122300DD1E31 /* Build configuration list for PBXNativeTarget "TestAllApp" */ = {
			isa = XCConfigurationList;
			buildConfigurations = (
				A07CA9F82644122300DD1E31 /* Debug */,
				A07CA9F92644122300DD1E31 /* Release */,
			);
			defaultConfigurationIsVisible = 0;
			defaultConfigurationName = Release;
		};
		A07CA9FA2644122300DD1E31 /* Build configuration list for PBXNativeTarget "TestAllAppTests" */ = {
			isa = XCConfigurationList;
			buildConfigurations = (
				A07CA9FB2644122300DD1E31 /* Debug */,
				A07CA9FC2644122300DD1E31 /* Release */,
			);
			defaultConfigurationIsVisible = 0;
			defaultConfigurationName = Release;
		};
		A07CA9FD2644122300DD1E31 /* Build configuration list for PBXNativeTarget "TestAllAppUITests" */ = {
			isa = XCConfigurationList;
			buildConfigurations = (
				A07CA9FE2644122300DD1E31 /* Debug */,
				A07CA9FF2644122300DD1E31 /* Release */,
			);
			defaultConfigurationIsVisible = 0;
			defaultConfigurationName = Release;
		};
/* End XCConfigurationList section */

/* Begin XCVersionGroup section */
		A07CA9DB2644122300DD1E31 /* TestAllApp.xcdatamodeld */ = {
			isa = XCVersionGroup;
			children = (
				A07CA9DC2644122300DD1E31 /* TestAllApp.xcdatamodel */,
			);
			currentVersion = A07CA9DC2644122300DD1E31 /* TestAllApp.xcdatamodel */;
			path = TestAllApp.xcdatamodeld;
			sourceTree = "<group>";
			versionGroupType = wrapper.xcdatamodel;
		};
/* End XCVersionGroup section */
	};
	rootObject = A07CA9C52644122100DD1E31 /* Project object */;
}
